
Microsoft Visual Studio Solution File, Format Version 12.00
# Visual Studio Version 17
VisualStudioVersion = 17.8.34511.84
MinimumVisualStudioVersion = 10.0.40219.1
Project("{FAE04EC0-301F-11D3-BF4B-00C04F79EFBC}") = "TimeTriggerDemo", "TimeTriggerDemo\TimeTriggerDemo.csproj", "{87782ABB-7446-4906-8C77-4EC9AF0EDC93}"
EndProject
Global
	GlobalSection(SolutionConfigurationPlatforms) = preSolution
		Debug|Any CPU = Debug|Any CPU
		Release|Any CPU = Release|Any CPU
	EndGlobalSection
	GlobalSection(ProjectConfigurationPlatforms) = postSolution
		{87782ABB-7446-4906-8C77-4EC9AF0EDC93}.Debug|Any CPU.ActiveCfg = Debug|Any CPU
		{87782ABB-7446-4906-8C77-4EC9AF0EDC93}.Debug|Any CPU.Build.0 = Debug|Any CPU
		{87782ABB-7446-4906-8C77-4EC9AF0EDC93}.Release|Any CPU.ActiveCfg = Release|Any CPU
		{87782ABB-7446-4906-8C77-4EC9AF0EDC93}.Release|Any CPU.Build.0 = Release|Any CPU
	EndGlobalSection
	GlobalSection(SolutionProperties) = preSolution
		HideSolutionNode = FALSE
	EndGlobalSection
	GlobalSection(ExtensibilityGlobals) = postSolution
		SolutionGuid = {102DAD85-265B-4E75-AA24-2DE908B154C3}
	EndGlobalSection
EndGlobal
